{"1.2.0",
[{<<"erlang_color">>,{pkg,<<"erlang_color">>,<<"1.0.0">>},0},
 {<<"mapz">>,{pkg,<<"mapz">>,<<"2.4.0">>},0}]}.
[
{pkg_hash,[
 {<<"erlang_color">>, <<"145FE1D2E65C4516E4F03FEFCA6C2F47EBAD5899D978D70382A5CFE643E4AC9E">>},
 {<<"mapz">>, <<"77A8E38B69BAB16C5D3EBD44E6C619F8AF1F1598B0CAAE301D266605A0865756">>}]},
{pkg_hash_ext,[
 {<<"erlang_color">>, <<"6B17E5E589C8FEF540574C9EA32B67CEC2C8A44283AAFE474D6E5818FB3EE038">>},
 {<<"mapz">>, <<"4B68DF5CF0522E0D6545DF7B681BC052865CDB78405AD4CC9C55FE45EE7B25BE">>}]}
].
